
Microsoft Visual Studio Solution File, Format Version 12.00
# Visual Studio 15
VisualStudioVersion = 15.0.27004.2009
MinimumVisualStudioVersion = 10.0.40219.1
Project("{9A19103F-16F7-4668-BE54-9A1E7A4F7556}") = "Potter.ApiExtraction.Core", "Potter.ApiExtraction.Core\Potter.ApiExtraction.Core.csproj", "{D340FAAC-6B07-4077-9134-867ACECD5B96}"
EndProject
Project("{9A19103F-16F7-4668-BE54-9A1E7A4F7556}") = "Potter.ApiExtraction.Core.Tests", "Potter.ApiExtraction.Core.Tests\Potter.ApiExtraction.Core.Tests.csproj", "{EB4CE953-4BC3-4D15-BF44-FCFCD15B3444}"
EndProject
Project("{F5034706-568F-408A-B7B3-4D38C6DB8A32}") = "Potter.ApiExtraction.PowerShell", "Potter.ApiExtraction.PowerShell\Potter.ApiExtraction.PowerShell.pssproj", "{6CAFC0C6-A428-4D30-A9F9-700E829FEA51}"
EndProject
Project("{9A19103F-16F7-4668-BE54-9A1E7A4F7556}") = "Potter.Reflection", "Potter.Reflection\Potter.Reflection.csproj", "{D59C408E-1CB7-40C8-88EF-CA938F974E45}"
EndProject
Project("{9A19103F-16F7-4668-BE54-9A1E7A4F7556}") = "Potter.Reflection.Tests", "Potter.Reflection.Tests\Potter.Reflection.Tests.csproj", "{12B07355-2D61-4EB0-82DE-A0E3DCE207BB}"
EndProject
Project("{FAE04EC0-301F-11D3-BF4B-00C04F79EFBC}") = "Potter.ApiExtraction.Core.Utilities", "Potter.ApiExtraction.Core.Utilities\Potter.ApiExtraction.Core.Utilities.csproj", "{E5118E61-9AB8-44FE-B93A-7478B322E4F8}"
EndProject
Global
	GlobalSection(SolutionConfigurationPlatforms) = preSolution
		Debug|Any CPU = Debug|Any CPU
		Release|Any CPU = Release|Any CPU
	EndGlobalSection
	GlobalSection(ProjectConfigurationPlatforms) = postSolution
		{D340FAAC-6B07-4077-9134-867ACECD5B96}.Debug|Any CPU.ActiveCfg = Debug|Any CPU
		{D340FAAC-6B07-4077-9134-867ACECD5B96}.Debug|Any CPU.Build.0 = Debug|Any CPU
		{D340FAAC-6B07-4077-9134-867ACECD5B96}.Release|Any CPU.ActiveCfg = Release|Any CPU
		{D340FAAC-6B07-4077-9134-867ACECD5B96}.Release|Any CPU.Build.0 = Release|Any CPU
		{EB4CE953-4BC3-4D15-BF44-FCFCD15B3444}.Debug|Any CPU.ActiveCfg = Debug|Any CPU
		{EB4CE953-4BC3-4D15-BF44-FCFCD15B3444}.Debug|Any CPU.Build.0 = Debug|Any CPU
		{EB4CE953-4BC3-4D15-BF44-FCFCD15B3444}.Release|Any CPU.ActiveCfg = Release|Any CPU
		{EB4CE953-4BC3-4D15-BF44-FCFCD15B3444}.Release|Any CPU.Build.0 = Release|Any CPU
		{6CAFC0C6-A428-4D30-A9F9-700E829FEA51}.Debug|Any CPU.ActiveCfg = Debug|Any CPU
		{6CAFC0C6-A428-4D30-A9F9-700E829FEA51}.Debug|Any CPU.Build.0 = Debug|Any CPU
		{6CAFC0C6-A428-4D30-A9F9-700E829FEA51}.Release|Any CPU.ActiveCfg = Release|Any CPU
		{6CAFC0C6-A428-4D30-A9F9-700E829FEA51}.Release|Any CPU.Build.0 = Release|Any CPU
		{D59C408E-1CB7-40C8-88EF-CA938F974E45}.Debug|Any CPU.ActiveCfg = Debug|Any CPU
		{D59C408E-1CB7-40C8-88EF-CA938F974E45}.Debug|Any CPU.Build.0 = Debug|Any CPU
		{D59C408E-1CB7-40C8-88EF-CA938F974E45}.Release|Any CPU.ActiveCfg = Release|Any CPU
		{D59C408E-1CB7-40C8-88EF-CA938F974E45}.Release|Any CPU.Build.0 = Release|Any CPU
		{12B07355-2D61-4EB0-82DE-A0E3DCE207BB}.Debug|Any CPU.ActiveCfg = Debug|Any CPU
		{12B07355-2D61-4EB0-82DE-A0E3DCE207BB}.Debug|Any CPU.Build.0 = Debug|Any CPU
		{12B07355-2D61-4EB0-82DE-A0E3DCE207BB}.Release|Any CPU.ActiveCfg = Release|Any CPU
		{12B07355-2D61-4EB0-82DE-A0E3DCE207BB}.Release|Any CPU.Build.0 = Release|Any CPU
		{E5118E61-9AB8-44FE-B93A-7478B322E4F8}.Debug|Any CPU.ActiveCfg = Debug|Any CPU
		{E5118E61-9AB8-44FE-B93A-7478B322E4F8}.Debug|Any CPU.Build.0 = Debug|Any CPU
		{E5118E61-9AB8-44FE-B93A-7478B322E4F8}.Release|Any CPU.ActiveCfg = Release|Any CPU
		{E5118E61-9AB8-44FE-B93A-7478B322E4F8}.Release|Any CPU.Build.0 = Release|Any CPU
	EndGlobalSection
	GlobalSection(SolutionProperties) = preSolution
		HideSolutionNode = FALSE
	EndGlobalSection
	GlobalSection(ExtensibilityGlobals) = postSolution
		SolutionGuid = {5E2C673C-AD9F-46E6-AE5D-7F13D4C2AAEF}
	EndGlobalSection
EndGlobal
